{
  "requires": true,
  "lockfileVersion": 1,
  "dependencies": {
    "vue": {
      "version": "2.6.12",
      "resolved": "https://registry.npmjs.org/vue/-/vue-2.6.12.tgz",
      "integrity": "sha512-uhmLFETqPPNyuLLbsKz6ioJ4q7AZHzD8ZVFNATNyICSZouqP2Sz0rotWQC8UNBF6VGSCs5abnKJoStA6JbCbfg=="
    },
    "vuejs-smart-table": {
      "version": "0.0.7",
      "resolved": "https://registry.npmjs.org/vuejs-smart-table/-/vuejs-smart-table-0.0.7.tgz",
      "integrity": "sha512-uaxJpWJrqcA+3nw+0QRoVT3s16yx2ld8fLzRncE6KsuLyvpj9H/fTZzugVpz/4T6qigKbne+DYctzGN0FtOUdg==",
      "requires": {
        "vue": "^2.5.17"
      }
    }
  }
}
